
Microsoft Visual Studio Solution File, Format Version 12.00
# Visual Studio Version 17
VisualStudioVersion = 17.7.34024.191
MinimumVisualStudioVersion = 10.0.40219.1
Project("{9A19103F-16F7-4668-BE54-9A1E7A4F7556}") = "CustomerValidator.Domain", "CustomerValidator.Domain\CustomerValidator.Domain.csproj", "{0BDFE412-5F18-4189-85ED-869BDF95388D}"
EndProject
Project("{9A19103F-16F7-4668-BE54-9A1E7A4F7556}") = "CustomerValidator.Application", "CustomerValidator.Application\CustomerValidator.Application.csproj", "{5F1D6B19-CFD0-4031-9F30-2BEE2BB6AAA5}"
EndProject
Project("{9A19103F-16F7-4668-BE54-9A1E7A4F7556}") = "CustomerValidator.Application.Tests", "CustomerValidator.Application.Tests\CustomerValidator.Application.Tests.csproj", "{B7AC2A2D-CE08-4E6D-A6C3-99C830EF1028}"
EndProject
Project("{9A19103F-16F7-4668-BE54-9A1E7A4F7556}") = "CustomerValidator.WebApi", "CustomerValidator.WebApi\CustomerValidator.WebApi.csproj", "{14124E58-2DA1-4D6A-BEF0-A361E5C7D76C}"
EndProject
Project("{FAE04EC0-301F-11D3-BF4B-00C04F79EFBC}") = "CustomerValidator.WebApi.Tests", "CustomerValidator.WebApi.Tests\CustomerValidator.WebApi.Tests.csproj", "{CC649951-3A44-45A6-A870-8BF1624AE570}"
EndProject
Global
	GlobalSection(SolutionConfigurationPlatforms) = preSolution
		Debug|Any CPU = Debug|Any CPU
		Release|Any CPU = Release|Any CPU
	EndGlobalSection
	GlobalSection(ProjectConfigurationPlatforms) = postSolution
		{0BDFE412-5F18-4189-85ED-869BDF95388D}.Debug|Any CPU.ActiveCfg = Debug|Any CPU
		{0BDFE412-5F18-4189-85ED-869BDF95388D}.Debug|Any CPU.Build.0 = Debug|Any CPU
		{0BDFE412-5F18-4189-85ED-869BDF95388D}.Release|Any CPU.ActiveCfg = Release|Any CPU
		{0BDFE412-5F18-4189-85ED-869BDF95388D}.Release|Any CPU.Build.0 = Release|Any CPU
		{5F1D6B19-CFD0-4031-9F30-2BEE2BB6AAA5}.Debug|Any CPU.ActiveCfg = Debug|Any CPU
		{5F1D6B19-CFD0-4031-9F30-2BEE2BB6AAA5}.Debug|Any CPU.Build.0 = Debug|Any CPU
		{5F1D6B19-CFD0-4031-9F30-2BEE2BB6AAA5}.Release|Any CPU.ActiveCfg = Release|Any CPU
		{5F1D6B19-CFD0-4031-9F30-2BEE2BB6AAA5}.Release|Any CPU.Build.0 = Release|Any CPU
		{B7AC2A2D-CE08-4E6D-A6C3-99C830EF1028}.Debug|Any CPU.ActiveCfg = Debug|Any CPU
		{B7AC2A2D-CE08-4E6D-A6C3-99C830EF1028}.Debug|Any CPU.Build.0 = Debug|Any CPU
		{B7AC2A2D-CE08-4E6D-A6C3-99C830EF1028}.Release|Any CPU.ActiveCfg = Release|Any CPU
		{B7AC2A2D-CE08-4E6D-A6C3-99C830EF1028}.Release|Any CPU.Build.0 = Release|Any CPU
		{14124E58-2DA1-4D6A-BEF0-A361E5C7D76C}.Debug|Any CPU.ActiveCfg = Debug|Any CPU
		{14124E58-2DA1-4D6A-BEF0-A361E5C7D76C}.Debug|Any CPU.Build.0 = Debug|Any CPU
		{14124E58-2DA1-4D6A-BEF0-A361E5C7D76C}.Release|Any CPU.ActiveCfg = Release|Any CPU
		{14124E58-2DA1-4D6A-BEF0-A361E5C7D76C}.Release|Any CPU.Build.0 = Release|Any CPU
		{CC649951-3A44-45A6-A870-8BF1624AE570}.Debug|Any CPU.ActiveCfg = Debug|Any CPU
		{CC649951-3A44-45A6-A870-8BF1624AE570}.Debug|Any CPU.Build.0 = Debug|Any CPU
		{CC649951-3A44-45A6-A870-8BF1624AE570}.Release|Any CPU.ActiveCfg = Release|Any CPU
		{CC649951-3A44-45A6-A870-8BF1624AE570}.Release|Any CPU.Build.0 = Release|Any CPU
	EndGlobalSection
	GlobalSection(SolutionProperties) = preSolution
		HideSolutionNode = FALSE
	EndGlobalSection
	GlobalSection(ExtensibilityGlobals) = postSolution
		SolutionGuid = {656EC610-0A82-4FA9-8645-B5CEF7A58643}
	EndGlobalSection
EndGlobal
